// !$*UTF8*$!
{
	archiveVersion = 1;
	classes = {
	};
	objectVersion = 48;
	objects = {

/* Begin PBXBuildFile section */
		34853C861FB0A23400FA8754 /* XZHomeController.swift in Sources */ = {isa = PBXBuildFile; fileRef = 34853C851FB0A23400FA8754 /* XZHomeController.swift */; };
		34853C871FB0A23400FA8754 /* XZHomeController.swift in Sources */ = {isa = PBXBuildFile; fileRef = 34853C851FB0A23400FA8754 /* XZHomeController.swift */; };
		842948391F9EC6AD001667A0 /* AppDelegate.swift in Sources */ = {isa = PBXBuildFile; fileRef = 842948381F9EC6AD001667A0 /* AppDelegate.swift */; };
		8429483E1F9EC6AD001667A0 /* Main.storyboard in Resources */ = {isa = PBXBuildFile; fileRef = 8429483C1F9EC6AD001667A0 /* Main.storyboard */; };
		842948401F9EC6AD001667A0 /* Assets.xcassets in Resources */ = {isa = PBXBuildFile; fileRef = 8429483F1F9EC6AD001667A0 /* Assets.xcassets */; };
		8429484E1F9EC6AD001667A0 /* XZDouYuLiveTests.swift in Sources */ = {isa = PBXBuildFile; fileRef = 8429484D1F9EC6AD001667A0 /* XZDouYuLiveTests.swift */; };
		842948701F9ECBD4001667A0 /* Home.storyboard in Resources */ = {isa = PBXBuildFile; fileRef = 8429486F1F9ECBD4001667A0 /* Home.storyboard */; };
		842948711F9ECBD4001667A0 /* Home.storyboard in Resources */ = {isa = PBXBuildFile; fileRef = 8429486F1F9ECBD4001667A0 /* Home.storyboard */; };
		842948731F9ECC12001667A0 /* Follow.storyboard in Resources */ = {isa = PBXBuildFile; fileRef = 842948721F9ECC12001667A0 /* Follow.storyboard */; };
		842948741F9ECC12001667A0 /* Follow.storyboard in Resources */ = {isa = PBXBuildFile; fileRef = 842948721F9ECC12001667A0 /* Follow.storyboard */; };
		842948761F9ECC3F001667A0 /* Live.storyboard in Resources */ = {isa = PBXBuildFile; fileRef = 842948751F9ECC3F001667A0 /* Live.storyboard */; };
		842948771F9ECC3F001667A0 /* Live.storyboard in Resources */ = {isa = PBXBuildFile; fileRef = 842948751F9ECC3F001667A0 /* Live.storyboard */; };
		842948791F9ECC5F001667A0 /* Profile.storyboard in Resources */ = {isa = PBXBuildFile; fileRef = 842948781F9ECC5F001667A0 /* Profile.storyboard */; };
		8429487A1F9ECC5F001667A0 /* Profile.storyboard in Resources */ = {isa = PBXBuildFile; fileRef = 842948781F9ECC5F001667A0 /* Profile.storyboard */; };
		8429487F1F9F0B2D001667A0 /* XZMainTabBarController.swift in Sources */ = {isa = PBXBuildFile; fileRef = 8429487E1F9F0B2D001667A0 /* XZMainTabBarController.swift */; };
		842948801F9F0B2D001667A0 /* XZMainTabBarController.swift in Sources */ = {isa = PBXBuildFile; fileRef = 8429487E1F9F0B2D001667A0 /* XZMainTabBarController.swift */; };
/* End PBXBuildFile section */

/* Begin PBXContainerItemProxy section */
		8429484A1F9EC6AD001667A0 /* PBXContainerItemProxy */ = {
			isa = PBXContainerItemProxy;
			containerPortal = 8429482D1F9EC6AC001667A0 /* Project object */;
			proxyType = 1;
			remoteGlobalIDString = 842948341F9EC6AC001667A0;
			remoteInfo = XZDouYuLive;
		};
/* End PBXContainerItemProxy section */

/* Begin PBXFileReference section */
		34853C851FB0A23400FA8754 /* XZHomeController.swift */ = {isa = PBXFileReference; lastKnownFileType = sourcecode.swift; path = XZHomeController.swift; sourceTree = "<group>"; };
		842948351F9EC6AC001667A0 /* XZDouYuLive.app */ = {isa = PBXFileReference; explicitFileType = wrapper.application; includeInIndex = 0; path = XZDouYuLive.app; sourceTree = BUILT_PRODUCTS_DIR; };
		842948381F9EC6AD001667A0 /* AppDelegate.swift */ = {isa = PBXFileReference; lastKnownFileType = sourcecode.swift; path = AppDelegate.swift; sourceTree = "<group>"; };
		8429483D1F9EC6AD001667A0 /* Base */ = {isa = PBXFileReference; lastKnownFileType = file.storyboard; name = Base; path = Base.lproj/Main.storyboard; sourceTree = "<group>"; };
		8429483F1F9EC6AD001667A0 /* Assets.xcassets */ = {isa = PBXFileReference; lastKnownFileType = folder.assetcatalog; path = Assets.xcassets; sourceTree = "<group>"; };
		842948441F9EC6AD001667A0 /* Info.plist */ = {isa = PBXFileReference; lastKnownFileType = text.plist.xml; path = Info.plist; sourceTree = "<group>"; };
		842948491F9EC6AD001667A0 /* XZDouYuLiveTests.xctest */ = {isa = PBXFileReference; explicitFileType = wrapper.cfbundle; includeInIndex = 0; path = XZDouYuLiveTests.xctest; sourceTree = BUILT_PRODUCTS_DIR; };
		8429484D1F9EC6AD001667A0 /* XZDouYuLiveTests.swift */ = {isa = PBXFileReference; lastKnownFileType = sourcecode.swift; path = XZDouYuLiveTests.swift; sourceTree = "<group>"; };
		8429484F1F9EC6AD001667A0 /* Info.plist */ = {isa = PBXFileReference; lastKnownFileType = text.plist.xml; path = Info.plist; sourceTree = "<group>"; };
		8429486F1F9ECBD4001667A0 /* Home.storyboard */ = {isa = PBXFileReference; fileEncoding = 4; lastKnownFileType = file.storyboard; path = Home.storyboard; sourceTree = "<group>"; };
		842948721F9ECC12001667A0 /* Follow.storyboard */ = {isa = PBXFileReference; fileEncoding = 4; lastKnownFileType = file.storyboard; path = Follow.storyboard; sourceTree = "<group>"; };
		842948751F9ECC3F001667A0 /* Live.storyboard */ = {isa = PBXFileReference; fileEncoding = 4; lastKnownFileType = file.storyboard; path = Live.storyboard; sourceTree = "<group>"; };
		842948781F9ECC5F001667A0 /* Profile.storyboard */ = {isa = PBXFileReference; fileEncoding = 4; lastKnownFileType = file.storyboard; path = Profile.storyboard; sourceTree = "<group>"; };
		8429487E1F9F0B2D001667A0 /* XZMainTabBarController.swift */ = {isa = PBXFileReference; lastKnownFileType = sourcecode.swift; path = XZMainTabBarController.swift; sourceTree = "<group>"; };
/* End PBXFileReference section */

/* Begin PBXFrameworksBuildPhase section */
		842948321F9EC6AC001667A0 /* Frameworks */ = {
			isa = PBXFrameworksBuildPhase;
			buildActionMask = 2147483647;
			files = (
			);
			runOnlyForDeploymentPostprocessing = 0;
		};
		842948461F9EC6AD001667A0 /* Frameworks */ = {
			isa = PBXFrameworksBuildPhase;
			buildActionMask = 2147483647;
			files = (
			);
			runOnlyForDeploymentPostprocessing = 0;
		};
/* End PBXFrameworksBuildPhase section */

/* Begin PBXGroup section */
		34853C7F1FB0A16500FA8754 /* Controller */ = {
			isa = PBXGroup;
			children = (
				8429486F1F9ECBD4001667A0 /* Home.storyboard */,
				34853C851FB0A23400FA8754 /* XZHomeController.swift */,
			);
			path = Controller;
			sourceTree = "<group>";
		};
		34853C801FB0A17B00FA8754 /* View */ = {
			isa = PBXGroup;
			children = (
			);
			path = View;
			sourceTree = "<group>";
		};
		34853C811FB0A18200FA8754 /* Model */ = {
			isa = PBXGroup;
			children = (
			);
			path = Model;
			sourceTree = "<group>";
		};
		34853C821FB0A19C00FA8754 /* Controller */ = {
			isa = PBXGroup;
			children = (
				8429483C1F9EC6AD001667A0 /* Main.storyboard */,
				8429487E1F9F0B2D001667A0 /* XZMainTabBarController.swift */,
			);
			path = Controller;
			sourceTree = "<group>";
		};
		34853C831FB0A1A600FA8754 /* View */ = {
			isa = PBXGroup;
			children = (
			);
			path = View;
			sourceTree = "<group>";
		};
		34853C841FB0A1AC00FA8754 /* Model */ = {
			isa = PBXGroup;
			children = (
			);
			path = Model;
			sourceTree = "<group>";
		};
		8429482C1F9EC6AC001667A0 = {
			isa = PBXGroup;
			children = (
				842948371F9EC6AC001667A0 /* XZDouYuLive */,
				8429484C1F9EC6AD001667A0 /* XZDouYuLiveTests */,
				842948361F9EC6AC001667A0 /* Products */,
			);
			sourceTree = "<group>";
		};
		842948361F9EC6AC001667A0 /* Products */ = {
			isa = PBXGroup;
			children = (
				842948351F9EC6AC001667A0 /* XZDouYuLive.app */,
				842948491F9EC6AD001667A0 /* XZDouYuLiveTests.xctest */,
			);
			name = Products;
			sourceTree = "<group>";
		};
		842948371F9EC6AC001667A0 /* XZDouYuLive */ = {
			isa = PBXGroup;
			children = (
				842948681F9ECA85001667A0 /* Classes */,
				842948381F9EC6AD001667A0 /* AppDelegate.swift */,
				8429483F1F9EC6AD001667A0 /* Assets.xcassets */,
				842948441F9EC6AD001667A0 /* Info.plist */,
			);
			path = XZDouYuLive;
			sourceTree = "<group>";
		};
		8429484C1F9EC6AD001667A0 /* XZDouYuLiveTests */ = {
			isa = PBXGroup;
			children = (
				8429484D1F9EC6AD001667A0 /* XZDouYuLiveTests.swift */,
				8429484F1F9EC6AD001667A0 /* Info.plist */,
			);
			path = XZDouYuLiveTests;
			sourceTree = "<group>";
		};
		842948681F9ECA85001667A0 /* Classes */ = {
			isa = PBXGroup;
			children = (
				842948691F9ECA85001667A0 /* Follow */,
				8429486A1F9ECA85001667A0 /* Home */,
				8429486B1F9ECA85001667A0 /* Live */,
				8429486C1F9ECA85001667A0 /* Main */,
				8429486D1F9ECA85001667A0 /* Profile */,
				8429486E1F9ECA85001667A0 /* Tools */,
			);
			path = Classes;
			sourceTree = "<group>";
		};
		842948691F9ECA85001667A0 /* Follow */ = {
			isa = PBXGroup;
			children = (
				842948721F9ECC12001667A0 /* Follow.storyboard */,
			);
			path = Follow;
			sourceTree = "<group>";
		};
		8429486A1F9ECA85001667A0 /* Home */ = {
			isa = PBXGroup;
			children = (
				34853C801FB0A17B00FA8754 /* View */,
				34853C811FB0A18200FA8754 /* Model */,
				34853C7F1FB0A16500FA8754 /* Controller */,
			);
			path = Home;
			sourceTree = "<group>";
		};
		8429486B1F9ECA85001667A0 /* Live */ = {
			isa = PBXGroup;
			children = (
				842948751F9ECC3F001667A0 /* Live.storyboard */,
			);
			path = Live;
			sourceTree = "<group>";
		};
		8429486C1F9ECA85001667A0 /* Main */ = {
			isa = PBXGroup;
			children = (
				34853C841FB0A1AC00FA8754 /* Model */,
				34853C831FB0A1A600FA8754 /* View */,
				34853C821FB0A19C00FA8754 /* Controller */,
			);
			path = Main;
			sourceTree = "<group>";
		};
		8429486D1F9ECA85001667A0 /* Profile */ = {
			isa = PBXGroup;
			children = (
				842948781F9ECC5F001667A0 /* Profile.storyboard */,
			);
			path = Profile;
			sourceTree = "<group>";
		};
		8429486E1F9ECA85001667A0 /* Tools */ = {
			isa = PBXGroup;
			children = (
			);
			path = Tools;
			sourceTree = "<group>";
		};
/* End PBXGroup section */

/* Begin PBXNativeTarget section */
		842948341F9EC6AC001667A0 /* XZDouYuLive */ = {
			isa = PBXNativeTarget;
			buildConfigurationList = 842948521F9EC6AD001667A0 /* Build configuration list for PBXNativeTarget "XZDouYuLive" */;
			buildPhases = (
				842948311F9EC6AC001667A0 /* Sources */,
				842948321F9EC6AC001667A0 /* Frameworks */,
				842948331F9EC6AC001667A0 /* Resources */,
			);
			buildRules = (
			);
			dependencies = (
			);
			name = XZDouYuLive;
			productName = XZDouYuLive;
			productReference = 842948351F9EC6AC001667A0 /* XZDouYuLive.app */;
			productType = "com.apple.product-type.application";
		};
		842948481F9EC6AD001667A0 /* XZDouYuLiveTests */ = {
			isa = PBXNativeTarget;
			buildConfigurationList = 842948551F9EC6AD001667A0 /* Build configuration list for PBXNativeTarget "XZDouYuLiveTests" */;
			buildPhases = (
				842948451F9EC6AD001667A0 /* Sources */,
				842948461F9EC6AD001667A0 /* Frameworks */,
				842948471F9EC6AD001667A0 /* Resources */,
			);
			buildRules = (
			);
			dependencies = (
				8429484B1F9EC6AD001667A0 /* PBXTargetDependency */,
			);
			name = XZDouYuLiveTests;
			productName = XZDouYuLiveTests;
			productReference = 842948491F9EC6AD001667A0 /* XZDouYuLiveTests.xctest */;
			productType = "com.apple.product-type.bundle.unit-test";
		};
/* End PBXNativeTarget section */

/* Begin PBXProject section */
		8429482D1F9EC6AC001667A0 /* Project object */ = {
			isa = PBXProject;
			attributes = {
				CLASSPREFIX = XZ;
				LastSwiftUpdateCheck = 0900;
				LastUpgradeCheck = 0900;
				ORGANIZATIONNAME = RongTuoJinRong;
				TargetAttributes = {
					842948341F9EC6AC001667A0 = {
						CreatedOnToolsVersion = 9.0;
						ProvisioningStyle = Automatic;
					};
					842948481F9EC6AD001667A0 = {
						CreatedOnToolsVersion = 9.0;
						ProvisioningStyle = Automatic;
						TestTargetID = 842948341F9EC6AC001667A0;
					};
				};
			};
			buildConfigurationList = 842948301F9EC6AC001667A0 /* Build configuration list for PBXProject "XZDouYuLive" */;
			compatibilityVersion = "Xcode 8.0";
			developmentRegion = en;
			hasScannedForEncodings = 0;
			knownRegions = (
				en,
				Base,
			);
			mainGroup = 8429482C1F9EC6AC001667A0;
			productRefGroup = 842948361F9EC6AC001667A0 /* Products */;
			projectDirPath = "";
			projectRoot = "";
			targets = (
				842948341F9EC6AC001667A0 /* XZDouYuLive */,
				842948481F9EC6AD001667A0 /* XZDouYuLiveTests */,
			);
		};
/* End PBXProject section */

/* Begin PBXResourcesBuildPhase section */
		842948331F9EC6AC001667A0 /* Resources */ = {
			isa = PBXResourcesBuildPhase;
			buildActionMask = 2147483647;
			files = (
				842948731F9ECC12001667A0 /* Follow.storyboard in Resources */,
				842948761F9ECC3F001667A0 /* Live.storyboard in Resources */,
				842948401F9EC6AD001667A0 /* Assets.xcassets in Resources */,
				8429483E1F9EC6AD001667A0 /* Main.storyboard in Resources */,
				842948791F9ECC5F001667A0 /* Profile.storyboard in Resources */,
				842948701F9ECBD4001667A0 /* Home.storyboard in Resources */,
			);
			runOnlyForDeploymentPostprocessing = 0;
		};
		842948471F9EC6AD001667A0 /* Resources */ = {
			isa = PBXResourcesBuildPhase;
			buildActionMask = 2147483647;
			files = (
				842948711F9ECBD4001667A0 /* Home.storyboard in Resources */,
				842948741F9ECC12001667A0 /* Follow.storyboard in Resources */,
				8429487A1F9ECC5F001667A0 /* Profile.storyboard in Resources */,
				842948771F9ECC3F001667A0 /* Live.storyboard in Resources */,
			);
			runOnlyForDeploymentPostprocessing = 0;
		};
/* End PBXResourcesBuildPhase section */

/* Begin PBXSourcesBuildPhase section */
		842948311F9EC6AC001667A0 /* Sources */ = {
			isa = PBXSourcesBuildPhase;
			buildActionMask = 2147483647;
			files = (
				34853C861FB0A23400FA8754 /* XZHomeController.swift in Sources */,
				8429487F1F9F0B2D001667A0 /* XZMainTabBarController.swift in Sources */,
				842948391F9EC6AD001667A0 /* AppDelegate.swift in Sources */,
			);
			runOnlyForDeploymentPostprocessing = 0;
		};
		842948451F9EC6AD001667A0 /* Sources */ = {
			isa = PBXSourcesBuildPhase;
			buildActionMask = 2147483647;
			files = (
				34853C871FB0A23400FA8754 /* XZHomeController.swift in Sources */,
				842948801F9F0B2D001667A0 /* XZMainTabBarController.swift in Sources */,
				8429484E1F9EC6AD001667A0 /* XZDouYuLiveTests.swift in Sources */,
			);
			runOnlyForDeploymentPostprocessing = 0;
		};
/* End PBXSourcesBuildPhase section */

/* Begin PBXTargetDependency section */
		8429484B1F9EC6AD001667A0 /* PBXTargetDependency */ = {
			isa = PBXTargetDependency;
			target = 842948341F9EC6AC001667A0 /* XZDouYuLive */;
			targetProxy = 8429484A1F9EC6AD001667A0 /* PBXContainerItemProxy */;
		};
/* End PBXTargetDependency section */

/* Begin PBXVariantGroup section */
		8429483C1F9EC6AD001667A0 /* Main.storyboard */ = {
			isa = PBXVariantGroup;
			children = (
				8429483D1F9EC6AD001667A0 /* Base */,
			);
			name = Main.storyboard;
			sourceTree = "<group>";
		};
/* End PBXVariantGroup section */

/* Begin XCBuildConfiguration section */
		842948501F9EC6AD001667A0 /* Debug */ = {
			isa = XCBuildConfiguration;
			buildSettings = {
				ALWAYS_SEARCH_USER_PATHS = NO;
				CLANG_ANALYZER_NONNULL = YES;
				CLANG_ANALYZER_NUMBER_OBJECT_CONVERSION = YES_AGGRESSIVE;
				CLANG_CXX_LANGUAGE_STANDARD = "gnu++14";
				CLANG_CXX_LIBRARY = "libc++";
				CLANG_ENABLE_MODULES = YES;
				CLANG_ENABLE_OBJC_ARC = YES;
				CLANG_WARN_BLOCK_CAPTURE_AUTORELEASING = YES;
				CLANG_WARN_BOOL_CONVERSION = YES;
				CLANG_WARN_COMMA = YES;
				CLANG_WARN_CONSTANT_CONVERSION = YES;
				CLANG_WARN_DIRECT_OBJC_ISA_USAGE = YES_ERROR;
				CLANG_WARN_DOCUMENTATION_COMMENTS = YES;
				CLANG_WARN_EMPTY_BODY = YES;
				CLANG_WARN_ENUM_CONVERSION = YES;
				CLANG_WARN_INFINITE_RECURSION = YES;
				CLANG_WARN_INT_CONVERSION = YES;
				CLANG_WARN_NON_LITERAL_NULL_CONVERSION = YES;
				CLANG_WARN_OBJC_LITERAL_CONVERSION = YES;
				CLANG_WARN_OBJC_ROOT_CLASS = YES_ERROR;
				CLANG_WARN_RANGE_LOOP_ANALYSIS = YES;
				CLANG_WARN_STRICT_PROTOTYPES = YES;
				CLANG_WARN_SUSPICIOUS_MOVE = YES;
				CLANG_WARN_UNGUARDED_AVAILABILITY = YES_AGGRESSIVE;
				CLANG_WARN_UNREACHABLE_CODE = YES;
				CLANG_WARN__DUPLICATE_METHOD_MATCH = YES;
				CODE_SIGN_IDENTITY = "iPhone Developer";
				COPY_PHASE_STRIP = NO;
				DEBUG_INFORMATION_FORMAT = dwarf;
				ENABLE_STRICT_OBJC_MSGSEND = YES;
				ENABLE_TESTABILITY = YES;
				GCC_C_LANGUAGE_STANDARD = gnu11;
				GCC_DYNAMIC_NO_PIC = NO;
				GCC_NO_COMMON_BLOCKS = YES;
				GCC_OPTIMIZATION_LEVEL = 0;
				GCC_PREPROCESSOR_DEFINITIONS = (
					"DEBUG=1",
					"$(inherited)",
				);
				GCC_WARN_64_TO_32_BIT_CONVERSION = YES;
				GCC_WARN_ABOUT_RETURN_TYPE = YES_ERROR;
				GCC_WARN_UNDECLARED_SELECTOR = YES;
				GCC_WARN_UNINITIALIZED_AUTOS = YES_AGGRESSIVE;
				GCC_WARN_UNUSED_FUNCTION = YES;
				GCC_WARN_UNUSED_VARIABLE = YES;
				IPHONEOS_DEPLOYMENT_TARGET = 11.0;
				MTL_ENABLE_DEBUG_INFO = YES;
				ONLY_ACTIVE_ARCH = YES;
				SDKROOT = iphoneos;
				SWIFT_ACTIVE_COMPILATION_CONDITIONS = DEBUG;
				SWIFT_OPTIMIZATION_LEVEL = "-Onone";
			};
			name = Debug;
		};
		842948511F9EC6AD001667A0 /* Release */ = {
			isa = XCBuildConfiguration;
			buildSettings = {
				ALWAYS_SEARCH_USER_PATHS = NO;
				CLANG_ANALYZER_NONNULL = YES;
				CLANG_ANALYZER_NUMBER_OBJECT_CONVERSION = YES_AGGRESSIVE;
				CLANG_CXX_LANGUAGE_STANDARD = "gnu++14";
				CLANG_CXX_LIBRARY = "libc++";
				CLANG_ENABLE_MODULES = YES;
				CLANG_ENABLE_OBJC_ARC = YES;
				CLANG_WARN_BLOCK_CAPTURE_AUTORELEASING = YES;
				CLANG_WARN_BOOL_CONVERSION = YES;
				CLANG_WARN_COMMA = YES;
				CLANG_WARN_CONSTANT_CONVERSION = YES;
				CLANG_WARN_DIRECT_OBJC_ISA_USAGE = YES_ERROR;
				CLANG_WARN_DOCUMENTATION_COMMENTS = YES;
				CLANG_WARN_EMPTY_BODY = YES;
				CLANG_WARN_ENUM_CONVERSION = YES;
				CLANG_WARN_INFINITE_RECURSION = YES;
				CLANG_WARN_INT_CONVERSION = YES;
				CLANG_WARN_NON_LITERAL_NULL_CONVERSION = YES;
				CLANG_WARN_OBJC_LITERAL_CONVERSION = YES;
				CLANG_WARN_OBJC_ROOT_CLASS = YES_ERROR;
				CLANG_WARN_RANGE_LOOP_ANALYSIS = YES;
				CLANG_WARN_STRICT_PROTOTYPES = YES;
				CLANG_WARN_SUSPICIOUS_MOVE = YES;
				CLANG_WARN_UNGUARDED_AVAILABILITY = YES_AGGRESSIVE;
				CLANG_WARN_UNREACHABLE_CODE = YES;
				CLANG_WARN__DUPLICATE_METHOD_MATCH = YES;
				CODE_SIGN_IDENTITY = "iPhone Developer";
				COPY_PHASE_STRIP = NO;
				DEBUG_INFORMATION_FORMAT = "dwarf-with-dsym";
				ENABLE_NS_ASSERTIONS = NO;
				ENABLE_STRICT_OBJC_MSGSEND = YES;
				GCC_C_LANGUAGE_STANDARD = gnu11;
				GCC_NO_COMMON_BLOCKS = YES;
				GCC_WARN_64_TO_32_BIT_CONVERSION = YES;
				GCC_WARN_ABOUT_RETURN_TYPE = YES_ERROR;
				GCC_WARN_UNDECLARED_SELECTOR = YES;
				GCC_WARN_UNINITIALIZED_AUTOS = YES_AGGRESSIVE;
				GCC_WARN_UNUSED_FUNCTION = YES;
				GCC_WARN_UNUSED_VARIABLE = YES;
				IPHONEOS_DEPLOYMENT_TARGET = 11.0;
				MTL_ENABLE_DEBUG_INFO = NO;
				SDKROOT = iphoneos;
				SWIFT_OPTIMIZATION_LEVEL = "-Owholemodule";
				VALIDATE_PRODUCT = YES;
			};
			name = Release;
		};
		842948531F9EC6AD001667A0 /* Debug */ = {
			isa = XCBuildConfiguration;
			buildSettings = {
				ASSETCATALOG_COMPILER_APPICON_NAME = AppIcon;
				ASSETCATALOG_COMPILER_LAUNCHIMAGE_NAME = LaunchImage;
				CODE_SIGN_STYLE = Automatic;
				DEVELOPMENT_TEAM = J4ZY3DZS4W;
				INFOPLIST_FILE = XZDouYuLive/Info.plist;
				IPHONEOS_DEPLOYMENT_TARGET = 8.0;
				LD_RUNPATH_SEARCH_PATHS = "$(inherited) @executable_path/Frameworks";
				PRODUCT_BUNDLE_IDENTIFIER = com.rongtuojinrong.XZDouYuLive;
				PRODUCT_NAME = "$(TARGET_NAME)";
				SWIFT_VERSION = 4.0;
				TARGETED_DEVICE_FAMILY = "1,2";
			};
			name = Debug;
		};
		842948541F9EC6AD001667A0 /* Release */ = {
			isa = XCBuildConfiguration;
			buildSettings = {
				ASSETCATALOG_COMPILER_APPICON_NAME = AppIcon;
				ASSETCATALOG_COMPILER_LAUNCHIMAGE_NAME = LaunchImage;
				CODE_SIGN_STYLE = Automatic;
				DEVELOPMENT_TEAM = J4ZY3DZS4W;
				INFOPLIST_FILE = XZDouYuLive/Info.plist;
				IPHONEOS_DEPLOYMENT_TARGET = 8.0;
				LD_RUNPATH_SEARCH_PATHS = "$(inherited) @executable_path/Frameworks";
				PRODUCT_BUNDLE_IDENTIFIER = com.rongtuojinrong.XZDouYuLive;
				PRODUCT_NAME = "$(TARGET_NAME)";
				SWIFT_VERSION = 4.0;
				TARGETED_DEVICE_FAMILY = "1,2";
			};
			name = Release;
		};
		842948561F9EC6AD001667A0 /* Debug */ = {
			isa = XCBuildConfiguration;
			buildSettings = {
				ALWAYS_EMBED_SWIFT_STANDARD_LIBRARIES = YES;
				BUNDLE_LOADER = "$(TEST_HOST)";
				CODE_SIGN_STYLE = Automatic;
				DEVELOPMENT_TEAM = J4ZY3DZS4W;
				INFOPLIST_FILE = XZDouYuLiveTests/Info.plist;
				LD_RUNPATH_SEARCH_PATHS = "$(inherited) @executable_path/Frameworks @loader_path/Frameworks";
				PRODUCT_BUNDLE_IDENTIFIER = com.rongtuojinrong.XZDouYuLiveTests;
				PRODUCT_NAME = "$(TARGET_NAME)";
				SWIFT_VERSION = 4.0;
				TARGETED_DEVICE_FAMILY = "1,2";
				TEST_HOST = "$(BUILT_PRODUCTS_DIR)/XZDouYuLive.app/XZDouYuLive";
			};
			name = Debug;
		};
		842948571F9EC6AD001667A0 /* Release */ = {
			isa = XCBuildConfiguration;
			buildSettings = {
				ALWAYS_EMBED_SWIFT_STANDARD_LIBRARIES = YES;
				BUNDLE_LOADER = "$(TEST_HOST)";
				CODE_SIGN_STYLE = Automatic;
				DEVELOPMENT_TEAM = J4ZY3DZS4W;
				INFOPLIST_FILE = XZDouYuLiveTests/Info.plist;
				LD_RUNPATH_SEARCH_PATHS = "$(inherited) @executable_path/Frameworks @loader_path/Frameworks";
				PRODUCT_BUNDLE_IDENTIFIER = com.rongtuojinrong.XZDouYuLiveTests;
				PRODUCT_NAME = "$(TARGET_NAME)";
				SWIFT_VERSION = 4.0;
				TARGETED_DEVICE_FAMILY = "1,2";
				TEST_HOST = "$(BUILT_PRODUCTS_DIR)/XZDouYuLive.app/XZDouYuLive";
			};
			name = Release;
		};
/* End XCBuildConfiguration section */

/* Begin XCConfigurationList section */
		842948301F9EC6AC001667A0 /* Build configuration list for PBXProject "XZDouYuLive" */ = {
			isa = XCConfigurationList;
			buildConfigurations = (
				842948501F9EC6AD001667A0 /* Debug */,
				842948511F9EC6AD001667A0 /* Release */,
			);
			defaultConfigurationIsVisible = 0;
			defaultConfigurationName = Release;
		};
		842948521F9EC6AD001667A0 /* Build configuration list for PBXNativeTarget "XZDouYuLive" */ = {
			isa = XCConfigurationList;
			buildConfigurations = (
				842948531F9EC6AD001667A0 /* Debug */,
				842948541F9EC6AD001667A0 /* Release */,
			);
			defaultConfigurationIsVisible = 0;
			defaultConfigurationName = Release;
		};
		842948551F9EC6AD001667A0 /* Build configuration list for PBXNativeTarget "XZDouYuLiveTests" */ = {
			isa = XCConfigurationList;
			buildConfigurations = (
				842948561F9EC6AD001667A0 /* Debug */,
				842948571F9EC6AD001667A0 /* Release */,
			);
			defaultConfigurationIsVisible = 0;
			defaultConfigurationName = Release;
		};
/* End XCConfigurationList section */
	};
	rootObject = 8429482D1F9EC6AC001667A0 /* Project object */;
}
